NeoBundleLock neobundle.vim 88951d60547595606ea0ca8f28f643d2506f2714
NeoBundleLock nerdtree 281701021c5001332a862da80175bf585d24e2e8
NeoBundleLock open-browser.vim e2bfabfc758351ee3087d4c697d1953660d943ee
NeoBundleLock previm b5dba0837b464063284a8a97e7b9e5e378db545c
NeoBundleLock unite.vim 85a91c5e42ff7c44b7453b93ac9a3cb6b5d6ead1
NeoBundleLock vim-markdown a3169545f330ec8080244c3ad755bb2211eca8a0
